
Microsoft Visual Studio Solution File, Format Version 12.00
# Visual Studio Version 16
VisualStudioVersion = 16.0.31727.386
MinimumVisualStudioVersion = 10.0.40219.1
Project("{9A19103F-16F7-4668-BE54-9A1E7A4F7556}") = "PromotionEngine", "PromotionEngine\PromotionEngine.csproj", "{9730E384-6C61-42E2-A0A6-D8164E904545}"
EndProject
Project("{FAE04EC0-301F-11D3-BF4B-00C04F79EFBC}") = "PromotionEngine.Tests.Unit", "PromotionEngine.Tests.Unit\PromotionEngine.Tests.Unit.csproj", "{B3077F00-2E73-4458-B63C-9CAF3954955D}"
	ProjectSection(ProjectDependencies) = postProject
		{9730E384-6C61-42E2-A0A6-D8164E904545} = {9730E384-6C61-42E2-A0A6-D8164E904545}
	EndProjectSection
EndProject
Global
	GlobalSection(SolutionConfigurationPlatforms) = preSolution
		Debug|Any CPU = Debug|Any CPU
		Release|Any CPU = Release|Any CPU
	EndGlobalSection
	GlobalSection(ProjectConfigurationPlatforms) = postSolution
		{9730E384-6C61-42E2-A0A6-D8164E904545}.Debug|Any CPU.ActiveCfg = Debug|Any CPU
		{9730E384-6C61-42E2-A0A6-D8164E904545}.Debug|Any CPU.Build.0 = Debug|Any CPU
		{9730E384-6C61-42E2-A0A6-D8164E904545}.Release|Any CPU.ActiveCfg = Release|Any CPU
		{9730E384-6C61-42E2-A0A6-D8164E904545}.Release|Any CPU.Build.0 = Release|Any CPU
		{B3077F00-2E73-4458-B63C-9CAF3954955D}.Debug|Any CPU.ActiveCfg = Debug|Any CPU
		{B3077F00-2E73-4458-B63C-9CAF3954955D}.Debug|Any CPU.Build.0 = Debug|Any CPU
		{B3077F00-2E73-4458-B63C-9CAF3954955D}.Release|Any CPU.ActiveCfg = Release|Any CPU
		{B3077F00-2E73-4458-B63C-9CAF3954955D}.Release|Any CPU.Build.0 = Release|Any CPU
	EndGlobalSection
	GlobalSection(SolutionProperties) = preSolution
		HideSolutionNode = FALSE
	EndGlobalSection
	GlobalSection(ExtensibilityGlobals) = postSolution
		SolutionGuid = {95193121-9201-446E-AE79-EE770ACF80C2}
	EndGlobalSection
EndGlobal
